
Microsoft Visual Studio Solution File, Format Version 12.00
Project("{FAE04EC0-301F-11D3-BF4B-00C04F79EFBC}") = "API", "API\API.csproj", "{B93BD94E-4A49-4B76-80CB-89A577AD962C}"
EndProject
Project("{FAE04EC0-301F-11D3-BF4B-00C04F79EFBC}") = "APBDlogic", "APBDlogic\APBDlogic.csproj", "{0DF960C1-24EA-4932-9517-9F3C8E396F39}"
EndProject
Project("{2150E333-8FDC-42A3-9474-1A3956D46DE8}") = "src", "src", "{C4779E9C-063B-4676-B450-6BF0104F8A71}"
EndProject
Global
	GlobalSection(SolutionConfigurationPlatforms) = preSolution
		Debug|Any CPU = Debug|Any CPU
		Release|Any CPU = Release|Any CPU
	EndGlobalSection
	GlobalSection(ProjectConfigurationPlatforms) = postSolution
		{B93BD94E-4A49-4B76-80CB-89A577AD962C}.Debug|Any CPU.ActiveCfg = Debug|Any CPU
		{B93BD94E-4A49-4B76-80CB-89A577AD962C}.Debug|Any CPU.Build.0 = Debug|Any CPU
		{B93BD94E-4A49-4B76-80CB-89A577AD962C}.Release|Any CPU.ActiveCfg = Release|Any CPU
		{B93BD94E-4A49-4B76-80CB-89A577AD962C}.Release|Any CPU.Build.0 = Release|Any CPU
		{0DF960C1-24EA-4932-9517-9F3C8E396F39}.Debug|Any CPU.ActiveCfg = Debug|Any CPU
		{0DF960C1-24EA-4932-9517-9F3C8E396F39}.Debug|Any CPU.Build.0 = Debug|Any CPU
		{0DF960C1-24EA-4932-9517-9F3C8E396F39}.Release|Any CPU.ActiveCfg = Release|Any CPU
		{0DF960C1-24EA-4932-9517-9F3C8E396F39}.Release|Any CPU.Build.0 = Release|Any CPU
	EndGlobalSection
	GlobalSection(NestedProjects) = preSolution
		{0DF960C1-24EA-4932-9517-9F3C8E396F39} = {C4779E9C-063B-4676-B450-6BF0104F8A71}
		{B93BD94E-4A49-4B76-80CB-89A577AD962C} = {C4779E9C-063B-4676-B450-6BF0104F8A71}
	EndGlobalSection
EndGlobal
